
Microsoft Visual Studio Solution File, Format Version 12.00
# Visual Studio Version 17
VisualStudioVersion = 17.0.31912.275
MinimumVisualStudioVersion = 10.0.40219.1
Project("{FAE04EC0-301F-11D3-BF4B-00C04F79EFBC}") = "ClimbingLocationApi", "ClimbingLocationApi\ClimbingLocationApi.csproj", "{AC1E56FB-D5FA-461D-9855-9573800F0408}"
EndProject
Global
	GlobalSection(SolutionConfigurationPlatforms) = preSolution
		Debug|Any CPU = Debug|Any CPU
		Release|Any CPU = Release|Any CPU
	EndGlobalSection
	GlobalSection(ProjectConfigurationPlatforms) = postSolution
		{AC1E56FB-D5FA-461D-9855-9573800F0408}.Debug|Any CPU.ActiveCfg = Debug|Any CPU
		{AC1E56FB-D5FA-461D-9855-9573800F0408}.Debug|Any CPU.Build.0 = Debug|Any CPU
		{AC1E56FB-D5FA-461D-9855-9573800F0408}.Release|Any CPU.ActiveCfg = Release|Any CPU
		{AC1E56FB-D5FA-461D-9855-9573800F0408}.Release|Any CPU.Build.0 = Release|Any CPU
	EndGlobalSection
	GlobalSection(SolutionProperties) = preSolution
		HideSolutionNode = FALSE
	EndGlobalSection
	GlobalSection(ExtensibilityGlobals) = postSolution
		SolutionGuid = {3672C0C9-EEFF-4AB9-A28F-949528F7B205}
	EndGlobalSection
EndGlobal
